{
  "name": "tic_tac_toe",
  "version": "1.0.0",
  "lockfileVersion": 3,
  "requires": true,
  "packages": {
    "": {
      "name": "tic_tac_toe",
      "version": "1.0.0",
      "license": "ISC",
      "dependencies": {
        "phoenix": "^1.7.14"
      },
      "devDependencies": {
        "@types/phoenix": "^1.6.5"
      }
    },
    "node_modules/@types/phoenix": {
      "version": "1.6.5",
      "resolved": "https://registry.npmjs.org/@types/phoenix/-/phoenix-1.6.5.tgz",
      "integrity": "sha512-xegpDuR+z0UqG9fwHqNoy3rI7JDlvaPh2TY47Fl80oq6g+hXT+c/LEuE43X48clZ6lOfANl5WrPur9fYO1RJ/w==",
      "dev": true,
      "license": "MIT"
    },
    "node_modules/phoenix": {
      "version": "1.7.14",
      "resolved": "https://registry.npmjs.org/phoenix/-/phoenix-1.7.14.tgz",
      "integrity": "sha512-3tZ76PiH/2g+Kyzhz8+GIFYrnx3lRnwi/Qt3ZUH04xpMxXL7Guerd5aaxtpWal73X+H8iLAjo2c+AgRy2KYQcQ==",
      "license": "MIT"
    }
  }
}
